
Microsoft Visual Studio Solution File, Format Version 12.00
# Visual Studio 2013
VisualStudioVersion = 12.0.31101.0
MinimumVisualStudioVersion = 10.0.40219.1
Project("{00D1A9C2-B5F0-4AF3-8072-F6C62B433612}") = "SqlServerSlackAPI", "SqlServerSlackAPI\SqlServerSlackAPI.sqlproj", "{A6E64486-E12C-474E-BC5F-9B4D03CFB498}"
EndProject
Global
	GlobalSection(SolutionConfigurationPlatforms) = preSolution
		Debug|Any CPU = Debug|Any CPU
		Release|Any CPU = Release|Any CPU
	EndGlobalSection
	GlobalSection(ProjectConfigurationPlatforms) = postSolution
		{A6E64486-E12C-474E-BC5F-9B4D03CFB498}.Debug|Any CPU.ActiveCfg = Debug|Any CPU
		{A6E64486-E12C-474E-BC5F-9B4D03CFB498}.Debug|Any CPU.Build.0 = Debug|Any CPU
		{A6E64486-E12C-474E-BC5F-9B4D03CFB498}.Release|Any CPU.ActiveCfg = Release|Any CPU
		{A6E64486-E12C-474E-BC5F-9B4D03CFB498}.Release|Any CPU.Build.0 = Release|Any CPU
	EndGlobalSection
	GlobalSection(SolutionProperties) = preSolution
		HideSolutionNode = FALSE
	EndGlobalSection
EndGlobal
